
Microsoft Visual Studio Solution File, Format Version 12.00
# Visual Studio 15
VisualStudioVersion = 15.0.27703.2026
MinimumVisualStudioVersion = 10.0.40219.1
Project("{FAE04EC0-301F-11D3-BF4B-00C04F79EFBC}") = "APIs", "APIs\APIs.csproj", "{95FB2109-C01A-466F-A1AD-329874CE7578}"
EndProject
Project("{FAE04EC0-301F-11D3-BF4B-00C04F79EFBC}") = "MVCApp", "MVCApp\MVCApp.csproj", "{365D7B98-E4D4-4B78-BB59-C3B405107A5D}"
EndProject
Global
	GlobalSection(SolutionConfigurationPlatforms) = preSolution
		Debug|Any CPU = Debug|Any CPU
		Release|Any CPU = Release|Any CPU
	EndGlobalSection
	GlobalSection(ProjectConfigurationPlatforms) = postSolution
		{95FB2109-C01A-466F-A1AD-329874CE7578}.Debug|Any CPU.ActiveCfg = Debug|Any CPU
		{95FB2109-C01A-466F-A1AD-329874CE7578}.Debug|Any CPU.Build.0 = Debug|Any CPU
		{95FB2109-C01A-466F-A1AD-329874CE7578}.Release|Any CPU.ActiveCfg = Release|Any CPU
		{95FB2109-C01A-466F-A1AD-329874CE7578}.Release|Any CPU.Build.0 = Release|Any CPU
		{365D7B98-E4D4-4B78-BB59-C3B405107A5D}.Debug|Any CPU.ActiveCfg = Debug|Any CPU
		{365D7B98-E4D4-4B78-BB59-C3B405107A5D}.Debug|Any CPU.Build.0 = Debug|Any CPU
		{365D7B98-E4D4-4B78-BB59-C3B405107A5D}.Release|Any CPU.ActiveCfg = Release|Any CPU
		{365D7B98-E4D4-4B78-BB59-C3B405107A5D}.Release|Any CPU.Build.0 = Release|Any CPU
	EndGlobalSection
	GlobalSection(SolutionProperties) = preSolution
		HideSolutionNode = FALSE
	EndGlobalSection
	GlobalSection(ExtensibilityGlobals) = postSolution
		SolutionGuid = {4776C5A8-717C-4DBD-859B-7640A1F36A53}
	EndGlobalSection
EndGlobal
